
Microsoft Visual Studio Solution File, Format Version 12.00
# Visual Studio Version 17
VisualStudioVersion = 17.5.002.0
MinimumVisualStudioVersion = 10.0.40219.1
Project("{9A19103F-16F7-4668-BE54-9A1E7A4F7556}") = "ChatApp.Server", "ChatApp.Server.csproj", "{2CCFD483-8278-4D84-B2A5-5EA03AE384B2}"
EndProject
Global
	GlobalSection(SolutionConfigurationPlatforms) = preSolution
		Debug|Any CPU = Debug|Any CPU
		Release|Any CPU = Release|Any CPU
	EndGlobalSection
	GlobalSection(ProjectConfigurationPlatforms) = postSolution
		{2CCFD483-8278-4D84-B2A5-5EA03AE384B2}.Debug|Any CPU.ActiveCfg = Debug|Any CPU
		{2CCFD483-8278-4D84-B2A5-5EA03AE384B2}.Debug|Any CPU.Build.0 = Debug|Any CPU
		{2CCFD483-8278-4D84-B2A5-5EA03AE384B2}.Release|Any CPU.ActiveCfg = Release|Any CPU
		{2CCFD483-8278-4D84-B2A5-5EA03AE384B2}.Release|Any CPU.Build.0 = Release|Any CPU
	EndGlobalSection
	GlobalSection(SolutionProperties) = preSolution
		HideSolutionNode = FALSE
	EndGlobalSection
	GlobalSection(ExtensibilityGlobals) = postSolution
		SolutionGuid = {CF2AD475-BECB-415A-BEEA-0BFD8F2AFFF6}
	EndGlobalSection
EndGlobal
